
Microsoft Visual Studio Solution File, Format Version 12.00
# Visual Studio Version 17
VisualStudioVersion = 17.4.33020.496
MinimumVisualStudioVersion = 10.0.40219.1
Project("{9A19103F-16F7-4668-BE54-9A1E7A4F7556}") = "DotnetBenchmarks", "DotnetBenchmarks\DotnetBenchmarks.csproj", "{923DE00E-76F2-4FDC-B722-A4805A771BF5}"
EndProject
Project("{2150E333-8FDC-42A3-9474-1A3956D46DE8}") = "HttpTest", "HttpTest", "{920F97D1-8410-4C0D-8555-3BC67C9CDF1A}"
EndProject
Project("{9A19103F-16F7-4668-BE54-9A1E7A4F7556}") = "WebApi", "HttpTest\WebApi\WebApi.csproj", "{A76E6418-FCCC-46B9-8EB9-BBBFE18AE7BB}"
EndProject
Project("{9A19103F-16F7-4668-BE54-9A1E7A4F7556}") = "ConsoleHttpTest", "HttpTest\ConsoleHttpTest\ConsoleHttpTest.csproj", "{6A0FED32-21D3-4236-827D-13613BCB5EF2}"
EndProject
Project("{2150E333-8FDC-42A3-9474-1A3956D46DE8}") = "CpuPlatformTest", "CpuPlatformTest", "{D28636A4-2EBE-46FF-917E-E3BF0E5578F7}"
EndProject
Project("{FAE04EC0-301F-11D3-BF4B-00C04F79EFBC}") = "AnyCpuLib", "CpuPlatformTest\AnyCpuLib\AnyCpuLib.csproj", "{E9F4D1AC-7A51-4464-BF16-F081DE07FB6C}"
EndProject
Project("{FAE04EC0-301F-11D3-BF4B-00C04F79EFBC}") = "X86Lib", "CpuPlatformTest\X86Lib\X86Lib.csproj", "{4184D06E-874D-4992-B565-BD19D2EB68F1}"
EndProject
Project("{FAE04EC0-301F-11D3-BF4B-00C04F79EFBC}") = "CallerApp", "CpuPlatformTest\CallerApp\CallerApp.csproj", "{17A1761F-94EB-48E9-8E6C-6CADAF83861C}"
EndProject
Global
	GlobalSection(SolutionConfigurationPlatforms) = preSolution
		Debug|Any CPU = Debug|Any CPU
		Debug|x86 = Debug|x86
		Release|Any CPU = Release|Any CPU
		Release|x86 = Release|x86
	EndGlobalSection
	GlobalSection(ProjectConfigurationPlatforms) = postSolution
		{923DE00E-76F2-4FDC-B722-A4805A771BF5}.Debug|Any CPU.ActiveCfg = Debug|Any CPU
		{923DE00E-76F2-4FDC-B722-A4805A771BF5}.Debug|Any CPU.Build.0 = Debug|Any CPU
		{923DE00E-76F2-4FDC-B722-A4805A771BF5}.Debug|x86.ActiveCfg = Debug|Any CPU
		{923DE00E-76F2-4FDC-B722-A4805A771BF5}.Debug|x86.Build.0 = Debug|Any CPU
		{923DE00E-76F2-4FDC-B722-A4805A771BF5}.Release|Any CPU.ActiveCfg = Release|Any CPU
		{923DE00E-76F2-4FDC-B722-A4805A771BF5}.Release|Any CPU.Build.0 = Release|Any CPU
		{923DE00E-76F2-4FDC-B722-A4805A771BF5}.Release|x86.ActiveCfg = Release|Any CPU
		{923DE00E-76F2-4FDC-B722-A4805A771BF5}.Release|x86.Build.0 = Release|Any CPU
		{A76E6418-FCCC-46B9-8EB9-BBBFE18AE7BB}.Debug|Any CPU.ActiveCfg = Debug|Any CPU
		{A76E6418-FCCC-46B9-8EB9-BBBFE18AE7BB}.Debug|Any CPU.Build.0 = Debug|Any CPU
		{A76E6418-FCCC-46B9-8EB9-BBBFE18AE7BB}.Debug|x86.ActiveCfg = Debug|Any CPU
		{A76E6418-FCCC-46B9-8EB9-BBBFE18AE7BB}.Debug|x86.Build.0 = Debug|Any CPU
		{A76E6418-FCCC-46B9-8EB9-BBBFE18AE7BB}.Release|Any CPU.ActiveCfg = Release|Any CPU
		{A76E6418-FCCC-46B9-8EB9-BBBFE18AE7BB}.Release|Any CPU.Build.0 = Release|Any CPU
		{A76E6418-FCCC-46B9-8EB9-BBBFE18AE7BB}.Release|x86.ActiveCfg = Release|Any CPU
		{A76E6418-FCCC-46B9-8EB9-BBBFE18AE7BB}.Release|x86.Build.0 = Release|Any CPU
		{6A0FED32-21D3-4236-827D-13613BCB5EF2}.Debug|Any CPU.ActiveCfg = Debug|Any CPU
		{6A0FED32-21D3-4236-827D-13613BCB5EF2}.Debug|Any CPU.Build.0 = Debug|Any CPU
		{6A0FED32-21D3-4236-827D-13613BCB5EF2}.Debug|x86.ActiveCfg = Debug|Any CPU
		{6A0FED32-21D3-4236-827D-13613BCB5EF2}.Debug|x86.Build.0 = Debug|Any CPU
		{6A0FED32-21D3-4236-827D-13613BCB5EF2}.Release|Any CPU.ActiveCfg = Release|Any CPU
		{6A0FED32-21D3-4236-827D-13613BCB5EF2}.Release|Any CPU.Build.0 = Release|Any CPU
		{6A0FED32-21D3-4236-827D-13613BCB5EF2}.Release|x86.ActiveCfg = Release|Any CPU
		{6A0FED32-21D3-4236-827D-13613BCB5EF2}.Release|x86.Build.0 = Release|Any CPU
		{E9F4D1AC-7A51-4464-BF16-F081DE07FB6C}.Debug|Any CPU.ActiveCfg = Debug|Any CPU
		{E9F4D1AC-7A51-4464-BF16-F081DE07FB6C}.Debug|Any CPU.Build.0 = Debug|Any CPU
		{E9F4D1AC-7A51-4464-BF16-F081DE07FB6C}.Debug|x86.ActiveCfg = Debug|Any CPU
		{E9F4D1AC-7A51-4464-BF16-F081DE07FB6C}.Debug|x86.Build.0 = Debug|Any CPU
		{E9F4D1AC-7A51-4464-BF16-F081DE07FB6C}.Release|Any CPU.ActiveCfg = Release|Any CPU
		{E9F4D1AC-7A51-4464-BF16-F081DE07FB6C}.Release|Any CPU.Build.0 = Release|Any CPU
		{E9F4D1AC-7A51-4464-BF16-F081DE07FB6C}.Release|x86.ActiveCfg = Release|Any CPU
		{E9F4D1AC-7A51-4464-BF16-F081DE07FB6C}.Release|x86.Build.0 = Release|Any CPU
		{4184D06E-874D-4992-B565-BD19D2EB68F1}.Debug|Any CPU.ActiveCfg = Debug|x86
		{4184D06E-874D-4992-B565-BD19D2EB68F1}.Debug|Any CPU.Build.0 = Debug|x86
		{4184D06E-874D-4992-B565-BD19D2EB68F1}.Debug|x86.ActiveCfg = Debug|x86
		{4184D06E-874D-4992-B565-BD19D2EB68F1}.Debug|x86.Build.0 = Debug|x86
		{4184D06E-874D-4992-B565-BD19D2EB68F1}.Release|Any CPU.ActiveCfg = Release|Any CPU
		{4184D06E-874D-4992-B565-BD19D2EB68F1}.Release|Any CPU.Build.0 = Release|Any CPU
		{4184D06E-874D-4992-B565-BD19D2EB68F1}.Release|x86.ActiveCfg = Release|x86
		{4184D06E-874D-4992-B565-BD19D2EB68F1}.Release|x86.Build.0 = Release|x86
		{17A1761F-94EB-48E9-8E6C-6CADAF83861C}.Debug|Any CPU.ActiveCfg = Debug|x86
		{17A1761F-94EB-48E9-8E6C-6CADAF83861C}.Debug|Any CPU.Build.0 = Debug|x86
		{17A1761F-94EB-48E9-8E6C-6CADAF83861C}.Debug|x86.ActiveCfg = Debug|x86
		{17A1761F-94EB-48E9-8E6C-6CADAF83861C}.Debug|x86.Build.0 = Debug|x86
		{17A1761F-94EB-48E9-8E6C-6CADAF83861C}.Release|Any CPU.ActiveCfg = Release|Any CPU
		{17A1761F-94EB-48E9-8E6C-6CADAF83861C}.Release|Any CPU.Build.0 = Release|Any CPU
		{17A1761F-94EB-48E9-8E6C-6CADAF83861C}.Release|x86.ActiveCfg = Release|Any CPU
		{17A1761F-94EB-48E9-8E6C-6CADAF83861C}.Release|x86.Build.0 = Release|Any CPU
	EndGlobalSection
	GlobalSection(SolutionProperties) = preSolution
		HideSolutionNode = FALSE
	EndGlobalSection
	GlobalSection(NestedProjects) = preSolution
		{A76E6418-FCCC-46B9-8EB9-BBBFE18AE7BB} = {920F97D1-8410-4C0D-8555-3BC67C9CDF1A}
		{6A0FED32-21D3-4236-827D-13613BCB5EF2} = {920F97D1-8410-4C0D-8555-3BC67C9CDF1A}
		{E9F4D1AC-7A51-4464-BF16-F081DE07FB6C} = {D28636A4-2EBE-46FF-917E-E3BF0E5578F7}
		{4184D06E-874D-4992-B565-BD19D2EB68F1} = {D28636A4-2EBE-46FF-917E-E3BF0E5578F7}
		{17A1761F-94EB-48E9-8E6C-6CADAF83861C} = {D28636A4-2EBE-46FF-917E-E3BF0E5578F7}
	EndGlobalSection
	GlobalSection(ExtensibilityGlobals) = postSolution
		SolutionGuid = {BDAD7557-43D3-4BF9-9FAA-DB029DA5BAE8}
	EndGlobalSection
EndGlobal
